{
  "lockfile_version": "1",
  "packages": {
    "typst@latest": {
      "last_modified": "2025-12-13T16:46:16Z",
      "resolved": "github:NixOS/nixpkgs/23735a82a828372c4ef92c660864e82fbe2f5fbe#typst",
      "source": "devbox-search",
      "version": "0.14.2",
      "systems": {
        "aarch64-darwin": {
          "outputs": [
            {
              "name": "out",
              "path": "/nix/store/x18qm4kawwk9xck8fs3q59znbabjkrax-typst-0.14.2",
              "default": true
            }
          ],
          "store_path": "/nix/store/x18qm4kawwk9xck8fs3q59znbabjkrax-typst-0.14.2"
        },
        "aarch64-linux": {
          "outputs": [
            {
              "name": "out",
              "path": "/nix/store/j1v8llmf6272psdalll6iynzydbw7ac8-typst-0.14.2",
              "default": true
            }
          ],
          "store_path": "/nix/store/j1v8llmf6272psdalll6iynzydbw7ac8-typst-0.14.2"
        },
        "x86_64-darwin": {
          "outputs": [
            {
              "name": "out",
              "path": "/nix/store/pz084d9fj8r4j6j4xhdyv1igba3vxzwj-typst-0.14.2",
              "default": true
            }
          ],
          "store_path": "/nix/store/pz084d9fj8r4j6j4xhdyv1igba3vxzwj-typst-0.14.2"
        },
        "x86_64-linux": {
          "outputs": [
            {
              "name": "out",
              "path": "/nix/store/mx95kcds4gfj3il6kv0ingjhqld63is2-typst-0.14.2",
              "default": true
            }
          ],
          "store_path": "/nix/store/mx95kcds4gfj3il6kv0ingjhqld63is2-typst-0.14.2"
        }
      }
    }
  }
}
